
Microsoft Visual Studio Solution File, Format Version 12.00
# Visual Studio 15
VisualStudioVersion = 15.0.28307.106
MinimumVisualStudioVersion = 10.0.40219.1
Project("{8BC9CEB8-8B4A-11D0-8D11-00A0C91BC942}") = "JPakLib", "JPakLib\JPakLib.vcxproj", "{9413DF8D-6A89-4985-B1D7-7230A65CAE81}"
	ProjectSection(ProjectDependencies) = postProject
		{EDF9129B-305D-418C-A654-86A33190F2AA} = {EDF9129B-305D-418C-A654-86A33190F2AA}
		{5869F8FC-1C59-4DEC-AD52-EA3F36458AC1} = {5869F8FC-1C59-4DEC-AD52-EA3F36458AC1}
	EndProjectSection
EndProject
Project("{8BC9CEB8-8B4A-11D0-8D11-00A0C91BC942}") = "JLogger", "JLogger\JLogger.vcxproj", "{5869F8FC-1C59-4DEC-AD52-EA3F36458AC1}"
EndProject
Project("{8BC9CEB8-8B4A-11D0-8D11-00A0C91BC942}") = "JLoggerTest", "JLoggerTest\JLoggerTest.vcxproj", "{6069C9E0-4D63-4D23-9494-15D4022B7158}"
	ProjectSection(ProjectDependencies) = postProject
		{EDF9129B-305D-418C-A654-86A33190F2AA} = {EDF9129B-305D-418C-A654-86A33190F2AA}
	EndProjectSection
EndProject
Project("{8BC9CEB8-8B4A-11D0-8D11-00A0C91BC942}") = "JSharedLib", "JSharedLib\JSharedLib.vcxproj", "{EDF9129B-305D-418C-A654-86A33190F2AA}"
EndProject
Project("{8BC9CEB8-8B4A-11D0-8D11-00A0C91BC942}") = "JPakLibTest", "JPakLibTest\JPakLibTest.vcxproj", "{9DE3C38A-E07D-48E7-B767-9CFEDAF35DE6}"
	ProjectSection(ProjectDependencies) = postProject
		{EDF9129B-305D-418C-A654-86A33190F2AA} = {EDF9129B-305D-418C-A654-86A33190F2AA}
		{5869F8FC-1C59-4DEC-AD52-EA3F36458AC1} = {5869F8FC-1C59-4DEC-AD52-EA3F36458AC1}
	EndProjectSection
EndProject
Project("{8BC9CEB8-8B4A-11D0-8D11-00A0C91BC942}") = "JPakConsole", "JPakConsole\JPakConsole.vcxproj", "{165E7AA6-8703-4E94-BA99-BB6F74AAD973}"
	ProjectSection(ProjectDependencies) = postProject
		{9413DF8D-6A89-4985-B1D7-7230A65CAE81} = {9413DF8D-6A89-4985-B1D7-7230A65CAE81}
		{EDF9129B-305D-418C-A654-86A33190F2AA} = {EDF9129B-305D-418C-A654-86A33190F2AA}
		{5869F8FC-1C59-4DEC-AD52-EA3F36458AC1} = {5869F8FC-1C59-4DEC-AD52-EA3F36458AC1}
	EndProjectSection
EndProject
Global
	GlobalSection(SolutionConfigurationPlatforms) = preSolution
		Debug|Any CPU = Debug|Any CPU
		Debug|ARM = Debug|ARM
		Debug|ARM64 = Debug|ARM64
		Debug|x64 = Debug|x64
		Debug|x86 = Debug|x86
		Release|Any CPU = Release|Any CPU
		Release|ARM = Release|ARM
		Release|ARM64 = Release|ARM64
		Release|x64 = Release|x64
		Release|x86 = Release|x86
	EndGlobalSection
	GlobalSection(ProjectConfigurationPlatforms) = postSolution
		{9413DF8D-6A89-4985-B1D7-7230A65CAE81}.Debug|Any CPU.ActiveCfg = Debug|Win32
		{9413DF8D-6A89-4985-B1D7-7230A65CAE81}.Debug|ARM.ActiveCfg = Debug|Win32
		{9413DF8D-6A89-4985-B1D7-7230A65CAE81}.Debug|ARM64.ActiveCfg = Debug|Win32
		{9413DF8D-6A89-4985-B1D7-7230A65CAE81}.Debug|x64.ActiveCfg = Debug|x64
		{9413DF8D-6A89-4985-B1D7-7230A65CAE81}.Debug|x64.Build.0 = Debug|x64
		{9413DF8D-6A89-4985-B1D7-7230A65CAE81}.Debug|x86.ActiveCfg = Debug|Win32
		{9413DF8D-6A89-4985-B1D7-7230A65CAE81}.Debug|x86.Build.0 = Debug|Win32
		{9413DF8D-6A89-4985-B1D7-7230A65CAE81}.Release|Any CPU.ActiveCfg = Release|Win32
		{9413DF8D-6A89-4985-B1D7-7230A65CAE81}.Release|ARM.ActiveCfg = Release|Win32
		{9413DF8D-6A89-4985-B1D7-7230A65CAE81}.Release|ARM64.ActiveCfg = Release|Win32
		{9413DF8D-6A89-4985-B1D7-7230A65CAE81}.Release|x64.ActiveCfg = Release|x64
		{9413DF8D-6A89-4985-B1D7-7230A65CAE81}.Release|x64.Build.0 = Release|x64
		{9413DF8D-6A89-4985-B1D7-7230A65CAE81}.Release|x86.ActiveCfg = Release|Win32
		{9413DF8D-6A89-4985-B1D7-7230A65CAE81}.Release|x86.Build.0 = Release|Win32
		{5869F8FC-1C59-4DEC-AD52-EA3F36458AC1}.Debug|Any CPU.ActiveCfg = Debug|Win32
		{5869F8FC-1C59-4DEC-AD52-EA3F36458AC1}.Debug|ARM.ActiveCfg = Debug|Win32
		{5869F8FC-1C59-4DEC-AD52-EA3F36458AC1}.Debug|ARM64.ActiveCfg = Debug|Win32
		{5869F8FC-1C59-4DEC-AD52-EA3F36458AC1}.Debug|x64.ActiveCfg = Debug|x64
		{5869F8FC-1C59-4DEC-AD52-EA3F36458AC1}.Debug|x64.Build.0 = Debug|x64
		{5869F8FC-1C59-4DEC-AD52-EA3F36458AC1}.Debug|x86.ActiveCfg = Debug|Win32
		{5869F8FC-1C59-4DEC-AD52-EA3F36458AC1}.Debug|x86.Build.0 = Debug|Win32
		{5869F8FC-1C59-4DEC-AD52-EA3F36458AC1}.Release|Any CPU.ActiveCfg = Release|Win32
		{5869F8FC-1C59-4DEC-AD52-EA3F36458AC1}.Release|ARM.ActiveCfg = Release|Win32
		{5869F8FC-1C59-4DEC-AD52-EA3F36458AC1}.Release|ARM64.ActiveCfg = Release|Win32
		{5869F8FC-1C59-4DEC-AD52-EA3F36458AC1}.Release|x64.ActiveCfg = Release|x64
		{5869F8FC-1C59-4DEC-AD52-EA3F36458AC1}.Release|x64.Build.0 = Release|x64
		{5869F8FC-1C59-4DEC-AD52-EA3F36458AC1}.Release|x86.ActiveCfg = Release|Win32
		{5869F8FC-1C59-4DEC-AD52-EA3F36458AC1}.Release|x86.Build.0 = Release|Win32
		{6069C9E0-4D63-4D23-9494-15D4022B7158}.Debug|Any CPU.ActiveCfg = Debug|Win32
		{6069C9E0-4D63-4D23-9494-15D4022B7158}.Debug|ARM.ActiveCfg = Debug|Win32
		{6069C9E0-4D63-4D23-9494-15D4022B7158}.Debug|ARM64.ActiveCfg = Debug|Win32
		{6069C9E0-4D63-4D23-9494-15D4022B7158}.Debug|x64.ActiveCfg = Debug|x64
		{6069C9E0-4D63-4D23-9494-15D4022B7158}.Debug|x64.Build.0 = Debug|x64
		{6069C9E0-4D63-4D23-9494-15D4022B7158}.Debug|x86.ActiveCfg = Debug|Win32
		{6069C9E0-4D63-4D23-9494-15D4022B7158}.Debug|x86.Build.0 = Debug|Win32
		{6069C9E0-4D63-4D23-9494-15D4022B7158}.Release|Any CPU.ActiveCfg = Release|Win32
		{6069C9E0-4D63-4D23-9494-15D4022B7158}.Release|ARM.ActiveCfg = Release|Win32
		{6069C9E0-4D63-4D23-9494-15D4022B7158}.Release|ARM64.ActiveCfg = Release|Win32
		{6069C9E0-4D63-4D23-9494-15D4022B7158}.Release|x64.ActiveCfg = Release|x64
		{6069C9E0-4D63-4D23-9494-15D4022B7158}.Release|x64.Build.0 = Release|x64
		{6069C9E0-4D63-4D23-9494-15D4022B7158}.Release|x86.ActiveCfg = Release|Win32
		{6069C9E0-4D63-4D23-9494-15D4022B7158}.Release|x86.Build.0 = Release|Win32
		{EDF9129B-305D-418C-A654-86A33190F2AA}.Debug|Any CPU.ActiveCfg = Debug|Win32
		{EDF9129B-305D-418C-A654-86A33190F2AA}.Debug|ARM.ActiveCfg = Debug|Win32
		{EDF9129B-305D-418C-A654-86A33190F2AA}.Debug|ARM64.ActiveCfg = Debug|Win32
		{EDF9129B-305D-418C-A654-86A33190F2AA}.Debug|x64.ActiveCfg = Debug|x64
		{EDF9129B-305D-418C-A654-86A33190F2AA}.Debug|x64.Build.0 = Debug|x64
		{EDF9129B-305D-418C-A654-86A33190F2AA}.Debug|x86.ActiveCfg = Debug|Win32
		{EDF9129B-305D-418C-A654-86A33190F2AA}.Debug|x86.Build.0 = Debug|Win32
		{EDF9129B-305D-418C-A654-86A33190F2AA}.Release|Any CPU.ActiveCfg = Release|Win32
		{EDF9129B-305D-418C-A654-86A33190F2AA}.Release|ARM.ActiveCfg = Release|Win32
		{EDF9129B-305D-418C-A654-86A33190F2AA}.Release|ARM64.ActiveCfg = Release|Win32
		{EDF9129B-305D-418C-A654-86A33190F2AA}.Release|x64.ActiveCfg = Release|x64
		{EDF9129B-305D-418C-A654-86A33190F2AA}.Release|x64.Build.0 = Release|x64
		{EDF9129B-305D-418C-A654-86A33190F2AA}.Release|x86.ActiveCfg = Release|Win32
		{EDF9129B-305D-418C-A654-86A33190F2AA}.Release|x86.Build.0 = Release|Win32
		{9DE3C38A-E07D-48E7-B767-9CFEDAF35DE6}.Debug|Any CPU.ActiveCfg = Debug|Win32
		{9DE3C38A-E07D-48E7-B767-9CFEDAF35DE6}.Debug|ARM.ActiveCfg = Debug|Win32
		{9DE3C38A-E07D-48E7-B767-9CFEDAF35DE6}.Debug|ARM64.ActiveCfg = Debug|Win32
		{9DE3C38A-E07D-48E7-B767-9CFEDAF35DE6}.Debug|x64.ActiveCfg = Debug|x64
		{9DE3C38A-E07D-48E7-B767-9CFEDAF35DE6}.Debug|x64.Build.0 = Debug|x64
		{9DE3C38A-E07D-48E7-B767-9CFEDAF35DE6}.Debug|x86.ActiveCfg = Debug|Win32
		{9DE3C38A-E07D-48E7-B767-9CFEDAF35DE6}.Debug|x86.Build.0 = Debug|Win32
		{9DE3C38A-E07D-48E7-B767-9CFEDAF35DE6}.Release|Any CPU.ActiveCfg = Release|Win32
		{9DE3C38A-E07D-48E7-B767-9CFEDAF35DE6}.Release|ARM.ActiveCfg = Release|Win32
		{9DE3C38A-E07D-48E7-B767-9CFEDAF35DE6}.Release|ARM64.ActiveCfg = Release|Win32
		{9DE3C38A-E07D-48E7-B767-9CFEDAF35DE6}.Release|x64.ActiveCfg = Release|x64
		{9DE3C38A-E07D-48E7-B767-9CFEDAF35DE6}.Release|x64.Build.0 = Release|x64
		{9DE3C38A-E07D-48E7-B767-9CFEDAF35DE6}.Release|x86.ActiveCfg = Release|Win32
		{9DE3C38A-E07D-48E7-B767-9CFEDAF35DE6}.Release|x86.Build.0 = Release|Win32
		{165E7AA6-8703-4E94-BA99-BB6F74AAD973}.Debug|Any CPU.ActiveCfg = Debug|Win32
		{165E7AA6-8703-4E94-BA99-BB6F74AAD973}.Debug|ARM.ActiveCfg = Debug|Win32
		{165E7AA6-8703-4E94-BA99-BB6F74AAD973}.Debug|ARM64.ActiveCfg = Debug|Win32
		{165E7AA6-8703-4E94-BA99-BB6F74AAD973}.Debug|x64.ActiveCfg = Debug|x64
		{165E7AA6-8703-4E94-BA99-BB6F74AAD973}.Debug|x64.Build.0 = Debug|x64
		{165E7AA6-8703-4E94-BA99-BB6F74AAD973}.Debug|x86.ActiveCfg = Debug|Win32
		{165E7AA6-8703-4E94-BA99-BB6F74AAD973}.Debug|x86.Build.0 = Debug|Win32
		{165E7AA6-8703-4E94-BA99-BB6F74AAD973}.Release|Any CPU.ActiveCfg = Release|Win32
		{165E7AA6-8703-4E94-BA99-BB6F74AAD973}.Release|ARM.ActiveCfg = Release|Win32
		{165E7AA6-8703-4E94-BA99-BB6F74AAD973}.Release|ARM64.ActiveCfg = Release|Win32
		{165E7AA6-8703-4E94-BA99-BB6F74AAD973}.Release|x64.ActiveCfg = Release|x64
		{165E7AA6-8703-4E94-BA99-BB6F74AAD973}.Release|x64.Build.0 = Release|x64
		{165E7AA6-8703-4E94-BA99-BB6F74AAD973}.Release|x86.ActiveCfg = Release|Win32
		{165E7AA6-8703-4E94-BA99-BB6F74AAD973}.Release|x86.Build.0 = Release|Win32
	EndGlobalSection
	GlobalSection(SolutionProperties) = preSolution
		HideSolutionNode = FALSE
	EndGlobalSection
	GlobalSection(ExtensibilityGlobals) = postSolution
		SolutionGuid = {AA350A87-D61E-4F49-AC60-A856EAE33D54}
	EndGlobalSection
EndGlobal
